
Microsoft Visual Studio Solution File, Format Version 12.00
# Visual Studio 15
VisualStudioVersion = 15.0.27703.2042
MinimumVisualStudioVersion = 10.0.40219.1
Project("{FAE04EC0-301F-11D3-BF4B-00C04F79EFBC}") = "StudentService", "StudentService\StudentService.csproj", "{0AD8F457-2FAF-45F8-9A72-6453877EDD50}"
EndProject
Project("{FAE04EC0-301F-11D3-BF4B-00C04F79EFBC}") = "StudentDataAccess", "StudentDataAccess\StudentDataAccess.csproj", "{583E6E16-D61C-451B-9A2A-5240CAF5B194}"
EndProject
Global
	GlobalSection(SolutionConfigurationPlatforms) = preSolution
		Debug|Any CPU = Debug|Any CPU
		Release|Any CPU = Release|Any CPU
	EndGlobalSection
	GlobalSection(ProjectConfigurationPlatforms) = postSolution
		{0AD8F457-2FAF-45F8-9A72-6453877EDD50}.Debug|Any CPU.ActiveCfg = Debug|Any CPU
		{0AD8F457-2FAF-45F8-9A72-6453877EDD50}.Debug|Any CPU.Build.0 = Debug|Any CPU
		{0AD8F457-2FAF-45F8-9A72-6453877EDD50}.Release|Any CPU.ActiveCfg = Release|Any CPU
		{0AD8F457-2FAF-45F8-9A72-6453877EDD50}.Release|Any CPU.Build.0 = Release|Any CPU
		{583E6E16-D61C-451B-9A2A-5240CAF5B194}.Debug|Any CPU.ActiveCfg = Debug|Any CPU
		{583E6E16-D61C-451B-9A2A-5240CAF5B194}.Debug|Any CPU.Build.0 = Debug|Any CPU
		{583E6E16-D61C-451B-9A2A-5240CAF5B194}.Release|Any CPU.ActiveCfg = Release|Any CPU
		{583E6E16-D61C-451B-9A2A-5240CAF5B194}.Release|Any CPU.Build.0 = Release|Any CPU
	EndGlobalSection
	GlobalSection(SolutionProperties) = preSolution
		HideSolutionNode = FALSE
	EndGlobalSection
	GlobalSection(ExtensibilityGlobals) = postSolution
		SolutionGuid = {15502B7A-55B9-4D63-904F-A53C70E03EB4}
	EndGlobalSection
EndGlobal
